<?xml version="1.0" encoding="utf-8"?>
<Project ToolsVersion="4.0" xmlns="http://schemas.microsoft.com/developer/msbuild/2003">
  <ItemGroup>
    <Filter Include="Source Files">
      <UniqueIdentifier>{4FC737F1-C7A5-4376-A066-2A32D752A2FF}</UniqueIdentifier>
      <Extensions>cpp;c;cc;cxx;def;odl;idl;hpj;bat;asm;asmx</Extensions>
    </Filter>
    <Filter Include="Header Files">
      <UniqueIdentifier>{93995380-89BD-4b04-88EB-625FBE52EBFB}</UniqueIdentifier>
      <Extensions>h;hh;hpp;hxx;hm;inl;inc;xsd</Extensions>
    </Filter>
    <Filter Include="Resource Files">
      <UniqueIdentifier>{67DA6AB6-F800-4c08-8B7A-83BB121AAD01}</UniqueIdentifier>
      <Extensions>rc;ico;cur;bmp;dlg;rc2;rct;bin;rgs;gif;jpg;jpeg;jpe;resx;tiff;tif;png;wav;mfcribbon-ms</Extensions>
    </Filter>
    <Filter Include="Resource Files\samples">
      <UniqueIdentifier>{085d5d57-7b0d-4ba2-930b-56564b7acb81}</UniqueIdentifier>
    </Filter>
    <Filter Include="Resource Files\samples\map01">
      <UniqueIdentifier>{add39b6c-f9f8-4dd1-b222-2372dfe67486}</UniqueIdentifier>
    </Filter>
    <Filter Include="Resource Files\assets">
      <UniqueIdentifier>{29547d0a-1734-477b-b3a9-ef432fd85eef}</UniqueIdentifier>
    </Filter>
    <Filter Include="Resource Files\assets\lua">
      <UniqueIdentifier>{1293a91c-8ab6-4dc3-9684-7b58fe2388cc}</UniqueIdentifier>
    </Filter>
    <Filter Include="Resource Files\samples\map02">
      <UniqueIdentifier>{867520f0-ed0d-41dd-bb9e-29c57b9f419b}</UniqueIdentifier>
    </Filter>
  </ItemGroup>
  <ItemGroup>
    <ClCompile Include="main.cpp">
      <Filter>Source Files</Filter>
    </ClCompile>
  </ItemGroup>
  <ItemGroup>
    <None Include="..\..\samples\map01\map.lua">
      <Filter>Resource Files\samples\map01</Filter>
    </None>
    <None Include="..\..\samples\map01\map.tmx">
      <Filter>Resource Files\samples\map01</Filter>
    </None>
    <None Include="..\..\samples\map01\main.lua">
      <Filter>Resource Files\samples\map01</Filter>
    </None>
    <None Include="..\..\assets\lua\console.lua">
      <Filter>Resource Files\assets\lua</Filter>
    </None>
    <None Include="..\..\samples\map02\main.lua">
      <Filter>Resource Files\samples\map02</Filter>
    </None>
  </ItemGroup>
</Project>