
Microsoft Visual Studio Solution File, Format Version 12.00
# Visual Studio 14
VisualStudioVersion = 14.0.23107.0
MinimumVisualStudioVersion = 10.0.40219.1
Project("{8BC9CEB8-8B4A-11D0-8D11-00A0C91BC942}") = "Test", "Test\Test.vcxproj", "{CA500590-4646-4B80-8DAB-88488EE86BE8}"
	ProjectSection(ProjectDependencies) = postProject
		{7104E69C-38C2-4CF5-8DA1-359A273511EC} = {7104E69C-38C2-4CF5-8DA1-359A273511EC}
		{66F7B5D9-7C74-4863-942B-EF6B869F1232} = {66F7B5D9-7C74-4863-942B-EF6B869F1232}
	EndProjectSection
EndProject
Project("{8BC9CEB8-8B4A-11D0-8D11-00A0C91BC942}") = "Lua", "..\lib\Lua\Lua.vcxproj", "{2522113F-5F6B-4D97-8A8C-C993E55A65A6}"
EndProject
Project("{8BC9CEB8-8B4A-11D0-8D11-00A0C91BC942}") = "GoogleTest", "..\lib\GoogleTest\GoogleTest.vcxproj", "{7104E69C-38C2-4CF5-8DA1-359A273511EC}"
EndProject
Project("{8BC9CEB8-8B4A-11D0-8D11-00A0C91BC942}") = "TantechEngine", "TantechEngine\TantechEngine.vcxproj", "{66F7B5D9-7C74-4863-942B-EF6B869F1232}"
	ProjectSection(ProjectDependencies) = postProject
		{2522113F-5F6B-4D97-8A8C-C993E55A65A6} = {2522113F-5F6B-4D97-8A8C-C993E55A65A6}
	EndProjectSection
EndProject
Project("{8BC9CEB8-8B4A-11D0-8D11-00A0C91BC942}") = "MetroidClone", "MetroidClone\MetroidClone.vcxproj", "{38C81498-FC2C-442F-8A34-67FD7EC1156E}"
	ProjectSection(ProjectDependencies) = postProject
		{66F7B5D9-7C74-4863-942B-EF6B869F1232} = {66F7B5D9-7C74-4863-942B-EF6B869F1232}
	EndProjectSection
EndProject
Project("{8BC9CEB8-8B4A-11D0-8D11-00A0C91BC942}") = "MapRunner", "MapRunner\MapRunner.vcxproj", "{FCA5C266-FF1C-46A7-9E8F-DE0BBCA43D7B}"
	ProjectSection(ProjectDependencies) = postProject
		{66F7B5D9-7C74-4863-942B-EF6B869F1232} = {66F7B5D9-7C74-4863-942B-EF6B869F1232}
	EndProjectSection
EndProject
Project("{8BC9CEB8-8B4A-11D0-8D11-00A0C91BC942}") = "Zelda", "Zelda\Zelda.vcxproj", "{32AB20B3-385C-4BCE-AC76-65ED143081E6}"
EndProject
Global
	GlobalSection(SolutionConfigurationPlatforms) = preSolution
		Debug|Win32 = Debug|Win32
		Debug|x64 = Debug|x64
		MinSizeRel|Win32 = MinSizeRel|Win32
		MinSizeRel|x64 = MinSizeRel|x64
		Release|Win32 = Release|Win32
		Release|x64 = Release|x64
		RelWithDebInfo|Win32 = RelWithDebInfo|Win32
		RelWithDebInfo|x64 = RelWithDebInfo|x64
	EndGlobalSection
	GlobalSection(ProjectConfigurationPlatforms) = postSolution
		{CA500590-4646-4B80-8DAB-88488EE86BE8}.Debug|Win32.ActiveCfg = Debug|Win32
		{CA500590-4646-4B80-8DAB-88488EE86BE8}.Debug|Win32.Build.0 = Debug|Win32
		{CA500590-4646-4B80-8DAB-88488EE86BE8}.Debug|x64.ActiveCfg = Debug|Win32
		{CA500590-4646-4B80-8DAB-88488EE86BE8}.MinSizeRel|Win32.ActiveCfg = Release|Win32
		{CA500590-4646-4B80-8DAB-88488EE86BE8}.MinSizeRel|Win32.Build.0 = Release|Win32
		{CA500590-4646-4B80-8DAB-88488EE86BE8}.MinSizeRel|x64.ActiveCfg = Release|Win32
		{CA500590-4646-4B80-8DAB-88488EE86BE8}.Release|Win32.ActiveCfg = Release|Win32
		{CA500590-4646-4B80-8DAB-88488EE86BE8}.Release|Win32.Build.0 = Release|Win32
		{CA500590-4646-4B80-8DAB-88488EE86BE8}.Release|x64.ActiveCfg = Release|Win32
		{CA500590-4646-4B80-8DAB-88488EE86BE8}.RelWithDebInfo|Win32.ActiveCfg = Release|Win32
		{CA500590-4646-4B80-8DAB-88488EE86BE8}.RelWithDebInfo|Win32.Build.0 = Release|Win32
		{CA500590-4646-4B80-8DAB-88488EE86BE8}.RelWithDebInfo|x64.ActiveCfg = Release|Win32
		{2522113F-5F6B-4D97-8A8C-C993E55A65A6}.Debug|Win32.ActiveCfg = Debug|Win32
		{2522113F-5F6B-4D97-8A8C-C993E55A65A6}.Debug|Win32.Build.0 = Debug|Win32
		{2522113F-5F6B-4D97-8A8C-C993E55A65A6}.Debug|x64.ActiveCfg = Debug|Win32
		{2522113F-5F6B-4D97-8A8C-C993E55A65A6}.MinSizeRel|Win32.ActiveCfg = Release|Win32
		{2522113F-5F6B-4D97-8A8C-C993E55A65A6}.MinSizeRel|Win32.Build.0 = Release|Win32
		{2522113F-5F6B-4D97-8A8C-C993E55A65A6}.MinSizeRel|x64.ActiveCfg = Release|Win32
		{2522113F-5F6B-4D97-8A8C-C993E55A65A6}.MinSizeRel|x64.Build.0 = Release|Win32
		{2522113F-5F6B-4D97-8A8C-C993E55A65A6}.Release|Win32.ActiveCfg = Release|Win32
		{2522113F-5F6B-4D97-8A8C-C993E55A65A6}.Release|Win32.Build.0 = Release|Win32
		{2522113F-5F6B-4D97-8A8C-C993E55A65A6}.Release|x64.ActiveCfg = Release|Win32
		{2522113F-5F6B-4D97-8A8C-C993E55A65A6}.RelWithDebInfo|Win32.ActiveCfg = Release|Win32
		{2522113F-5F6B-4D97-8A8C-C993E55A65A6}.RelWithDebInfo|Win32.Build.0 = Release|Win32
		{2522113F-5F6B-4D97-8A8C-C993E55A65A6}.RelWithDebInfo|x64.ActiveCfg = Release|Win32
		{2522113F-5F6B-4D97-8A8C-C993E55A65A6}.RelWithDebInfo|x64.Build.0 = Release|Win32
		{7104E69C-38C2-4CF5-8DA1-359A273511EC}.Debug|Win32.ActiveCfg = Debug|Win32
		{7104E69C-38C2-4CF5-8DA1-359A273511EC}.Debug|Win32.Build.0 = Debug|Win32
		{7104E69C-38C2-4CF5-8DA1-359A273511EC}.Debug|x64.ActiveCfg = Debug|Win32
		{7104E69C-38C2-4CF5-8DA1-359A273511EC}.MinSizeRel|Win32.ActiveCfg = Release|Win32
		{7104E69C-38C2-4CF5-8DA1-359A273511EC}.MinSizeRel|Win32.Build.0 = Release|Win32
		{7104E69C-38C2-4CF5-8DA1-359A273511EC}.MinSizeRel|x64.ActiveCfg = Release|Win32
		{7104E69C-38C2-4CF5-8DA1-359A273511EC}.MinSizeRel|x64.Build.0 = Release|Win32
		{7104E69C-38C2-4CF5-8DA1-359A273511EC}.Release|Win32.ActiveCfg = Release|Win32
		{7104E69C-38C2-4CF5-8DA1-359A273511EC}.Release|Win32.Build.0 = Release|Win32
		{7104E69C-38C2-4CF5-8DA1-359A273511EC}.Release|x64.ActiveCfg = Release|Win32
		{7104E69C-38C2-4CF5-8DA1-359A273511EC}.RelWithDebInfo|Win32.ActiveCfg = Release|Win32
		{7104E69C-38C2-4CF5-8DA1-359A273511EC}.RelWithDebInfo|Win32.Build.0 = Release|Win32
		{7104E69C-38C2-4CF5-8DA1-359A273511EC}.RelWithDebInfo|x64.ActiveCfg = Release|Win32
		{7104E69C-38C2-4CF5-8DA1-359A273511EC}.RelWithDebInfo|x64.Build.0 = Release|Win32
		{66F7B5D9-7C74-4863-942B-EF6B869F1232}.Debug|Win32.ActiveCfg = Debug|Win32
		{66F7B5D9-7C74-4863-942B-EF6B869F1232}.Debug|Win32.Build.0 = Debug|Win32
		{66F7B5D9-7C74-4863-942B-EF6B869F1232}.Debug|x64.ActiveCfg = Debug|Win32
		{66F7B5D9-7C74-4863-942B-EF6B869F1232}.MinSizeRel|Win32.ActiveCfg = Release|Win32
		{66F7B5D9-7C74-4863-942B-EF6B869F1232}.MinSizeRel|Win32.Build.0 = Release|Win32
		{66F7B5D9-7C74-4863-942B-EF6B869F1232}.MinSizeRel|x64.ActiveCfg = Release|Win32
		{66F7B5D9-7C74-4863-942B-EF6B869F1232}.MinSizeRel|x64.Build.0 = Release|Win32
		{66F7B5D9-7C74-4863-942B-EF6B869F1232}.Release|Win32.ActiveCfg = Release|Win32
		{66F7B5D9-7C74-4863-942B-EF6B869F1232}.Release|Win32.Build.0 = Release|Win32
		{66F7B5D9-7C74-4863-942B-EF6B869F1232}.Release|x64.ActiveCfg = Release|Win32
		{66F7B5D9-7C74-4863-942B-EF6B869F1232}.RelWithDebInfo|Win32.ActiveCfg = Release|Win32
		{66F7B5D9-7C74-4863-942B-EF6B869F1232}.RelWithDebInfo|Win32.Build.0 = Release|Win32
		{66F7B5D9-7C74-4863-942B-EF6B869F1232}.RelWithDebInfo|x64.ActiveCfg = Release|Win32
		{66F7B5D9-7C74-4863-942B-EF6B869F1232}.RelWithDebInfo|x64.Build.0 = Release|Win32
		{38C81498-FC2C-442F-8A34-67FD7EC1156E}.Debug|Win32.ActiveCfg = Debug|Win32
		{38C81498-FC2C-442F-8A34-67FD7EC1156E}.Debug|Win32.Build.0 = Debug|Win32
		{38C81498-FC2C-442F-8A34-67FD7EC1156E}.Debug|x64.ActiveCfg = Debug|Win32
		{38C81498-FC2C-442F-8A34-67FD7EC1156E}.MinSizeRel|Win32.ActiveCfg = Release|Win32
		{38C81498-FC2C-442F-8A34-67FD7EC1156E}.MinSizeRel|Win32.Build.0 = Release|Win32
		{38C81498-FC2C-442F-8A34-67FD7EC1156E}.MinSizeRel|x64.ActiveCfg = Release|Win32
		{38C81498-FC2C-442F-8A34-67FD7EC1156E}.Release|Win32.ActiveCfg = Release|Win32
		{38C81498-FC2C-442F-8A34-67FD7EC1156E}.Release|Win32.Build.0 = Release|Win32
		{38C81498-FC2C-442F-8A34-67FD7EC1156E}.Release|x64.ActiveCfg = Release|Win32
		{38C81498-FC2C-442F-8A34-67FD7EC1156E}.RelWithDebInfo|Win32.ActiveCfg = Release|Win32
		{38C81498-FC2C-442F-8A34-67FD7EC1156E}.RelWithDebInfo|Win32.Build.0 = Release|Win32
		{38C81498-FC2C-442F-8A34-67FD7EC1156E}.RelWithDebInfo|x64.ActiveCfg = Release|Win32
		{FCA5C266-FF1C-46A7-9E8F-DE0BBCA43D7B}.Debug|Win32.ActiveCfg = Debug|Win32
		{FCA5C266-FF1C-46A7-9E8F-DE0BBCA43D7B}.Debug|Win32.Build.0 = Debug|Win32
		{FCA5C266-FF1C-46A7-9E8F-DE0BBCA43D7B}.Debug|x64.ActiveCfg = Debug|x64
		{FCA5C266-FF1C-46A7-9E8F-DE0BBCA43D7B}.Debug|x64.Build.0 = Debug|x64
		{FCA5C266-FF1C-46A7-9E8F-DE0BBCA43D7B}.MinSizeRel|Win32.ActiveCfg = Release|Win32
		{FCA5C266-FF1C-46A7-9E8F-DE0BBCA43D7B}.MinSizeRel|Win32.Build.0 = Release|Win32
		{FCA5C266-FF1C-46A7-9E8F-DE0BBCA43D7B}.MinSizeRel|x64.ActiveCfg = Release|x64
		{FCA5C266-FF1C-46A7-9E8F-DE0BBCA43D7B}.MinSizeRel|x64.Build.0 = Release|x64
		{FCA5C266-FF1C-46A7-9E8F-DE0BBCA43D7B}.Release|Win32.ActiveCfg = Release|Win32
		{FCA5C266-FF1C-46A7-9E8F-DE0BBCA43D7B}.Release|Win32.Build.0 = Release|Win32
		{FCA5C266-FF1C-46A7-9E8F-DE0BBCA43D7B}.Release|x64.ActiveCfg = Release|x64
		{FCA5C266-FF1C-46A7-9E8F-DE0BBCA43D7B}.Release|x64.Build.0 = Release|x64
		{FCA5C266-FF1C-46A7-9E8F-DE0BBCA43D7B}.RelWithDebInfo|Win32.ActiveCfg = Release|Win32
		{FCA5C266-FF1C-46A7-9E8F-DE0BBCA43D7B}.RelWithDebInfo|Win32.Build.0 = Release|Win32
		{FCA5C266-FF1C-46A7-9E8F-DE0BBCA43D7B}.RelWithDebInfo|x64.ActiveCfg = Release|x64
		{FCA5C266-FF1C-46A7-9E8F-DE0BBCA43D7B}.RelWithDebInfo|x64.Build.0 = Release|x64
		{32AB20B3-385C-4BCE-AC76-65ED143081E6}.Debug|Win32.ActiveCfg = Debug|Win32
		{32AB20B3-385C-4BCE-AC76-65ED143081E6}.Debug|Win32.Build.0 = Debug|Win32
		{32AB20B3-385C-4BCE-AC76-65ED143081E6}.Debug|x64.ActiveCfg = Debug|x64
		{32AB20B3-385C-4BCE-AC76-65ED143081E6}.Debug|x64.Build.0 = Debug|x64
		{32AB20B3-385C-4BCE-AC76-65ED143081E6}.MinSizeRel|Win32.ActiveCfg = Release|Win32
		{32AB20B3-385C-4BCE-AC76-65ED143081E6}.MinSizeRel|Win32.Build.0 = Release|Win32
		{32AB20B3-385C-4BCE-AC76-65ED143081E6}.MinSizeRel|x64.ActiveCfg = Release|x64
		{32AB20B3-385C-4BCE-AC76-65ED143081E6}.MinSizeRel|x64.Build.0 = Release|x64
		{32AB20B3-385C-4BCE-AC76-65ED143081E6}.Release|Win32.ActiveCfg = Release|Win32
		{32AB20B3-385C-4BCE-AC76-65ED143081E6}.Release|Win32.Build.0 = Release|Win32
		{32AB20B3-385C-4BCE-AC76-65ED143081E6}.Release|x64.ActiveCfg = Release|x64
		{32AB20B3-385C-4BCE-AC76-65ED143081E6}.Release|x64.Build.0 = Release|x64
		{32AB20B3-385C-4BCE-AC76-65ED143081E6}.RelWithDebInfo|Win32.ActiveCfg = Release|Win32
		{32AB20B3-385C-4BCE-AC76-65ED143081E6}.RelWithDebInfo|Win32.Build.0 = Release|Win32
		{32AB20B3-385C-4BCE-AC76-65ED143081E6}.RelWithDebInfo|x64.ActiveCfg = Release|x64
		{32AB20B3-385C-4BCE-AC76-65ED143081E6}.RelWithDebInfo|x64.Build.0 = Release|x64
	EndGlobalSection
	GlobalSection(SolutionProperties) = preSolution
		HideSolutionNode = FALSE
	EndGlobalSection
EndGlobal
